
Microsoft Visual Studio Solution File, Format Version 12.00
# Visual Studio Version 17
VisualStudioVersion = 17.5.002.0
MinimumVisualStudioVersion = 10.0.40219.1
Project("{9A19103F-16F7-4668-BE54-9A1E7A4F7556}") = "LojaVirtual", "LojaVirtual.csproj", "{27C9ABCC-7C87-4B68-B080-7D7297B90948}"
EndProject
Global
	GlobalSection(SolutionConfigurationPlatforms) = preSolution
		Debug|Any CPU = Debug|Any CPU
		Release|Any CPU = Release|Any CPU
	EndGlobalSection
	GlobalSection(ProjectConfigurationPlatforms) = postSolution
		{27C9ABCC-7C87-4B68-B080-7D7297B90948}.Debug|Any CPU.ActiveCfg = Debug|Any CPU
		{27C9ABCC-7C87-4B68-B080-7D7297B90948}.Debug|Any CPU.Build.0 = Debug|Any CPU
		{27C9ABCC-7C87-4B68-B080-7D7297B90948}.Release|Any CPU.ActiveCfg = Release|Any CPU
		{27C9ABCC-7C87-4B68-B080-7D7297B90948}.Release|Any CPU.Build.0 = Release|Any CPU
	EndGlobalSection
	GlobalSection(SolutionProperties) = preSolution
		HideSolutionNode = FALSE
	EndGlobalSection
	GlobalSection(ExtensibilityGlobals) = postSolution
		SolutionGuid = {2C2AC203-A5B4-4B73-8438-93D844231008}
	EndGlobalSection
EndGlobal
